
Microsoft Visual Studio Solution File, Format Version 11.00
# Visual Studio 2010
Project("{FAE04EC0-301F-11D3-BF4B-00C04F79EFBC}") = "VuforiaScripts", "VuforiaScripts.csproj", "{708AD243-644B-231D-8FD2-8916F60E0063}"
EndProject
Project("{FAE04EC0-301F-11D3-BF4B-00C04F79EFBC}") = "Assembly-CSharp", "Assembly-CSharp.csproj", "{BE5F575F-631E-B90D-FAF5-78D05C102F51}"
EndProject
Project("{FAE04EC0-301F-11D3-BF4B-00C04F79EFBC}") = "VuforiaEditorScripts", "VuforiaEditorScripts.csproj", "{02E9EE8C-56A8-2E85-FF00-416FECB540F0}"
EndProject
Global
	GlobalSection(SolutionConfigurationPlatforms) = preSolution
		Debug|Any CPU = Debug|Any CPU
		Release|Any CPU = Release|Any CPU
	EndGlobalSection
	GlobalSection(ProjectConfigurationPlatforms) = postSolution
		{708AD243-644B-231D-8FD2-8916F60E0063}.Debug|Any CPU.ActiveCfg = Debug|Any CPU
		{708AD243-644B-231D-8FD2-8916F60E0063}.Debug|Any CPU.Build.0 = Debug|Any CPU
		{708AD243-644B-231D-8FD2-8916F60E0063}.Release|Any CPU.ActiveCfg = Release|Any CPU
		{708AD243-644B-231D-8FD2-8916F60E0063}.Release|Any CPU.Build.0 = Release|Any CPU
		{BE5F575F-631E-B90D-FAF5-78D05C102F51}.Debug|Any CPU.ActiveCfg = Debug|Any CPU
		{BE5F575F-631E-B90D-FAF5-78D05C102F51}.Debug|Any CPU.Build.0 = Debug|Any CPU
		{BE5F575F-631E-B90D-FAF5-78D05C102F51}.Release|Any CPU.ActiveCfg = Release|Any CPU
		{BE5F575F-631E-B90D-FAF5-78D05C102F51}.Release|Any CPU.Build.0 = Release|Any CPU
		{02E9EE8C-56A8-2E85-FF00-416FECB540F0}.Debug|Any CPU.ActiveCfg = Debug|Any CPU
		{02E9EE8C-56A8-2E85-FF00-416FECB540F0}.Debug|Any CPU.Build.0 = Debug|Any CPU
		{02E9EE8C-56A8-2E85-FF00-416FECB540F0}.Release|Any CPU.ActiveCfg = Release|Any CPU
		{02E9EE8C-56A8-2E85-FF00-416FECB540F0}.Release|Any CPU.Build.0 = Release|Any CPU
	EndGlobalSection
	GlobalSection(SolutionProperties) = preSolution
		HideSolutionNode = FALSE
	EndGlobalSection
	GlobalSection(MonoDevelopProperties) = preSolution
		StartupItem = Assembly-CSharp.csproj
	EndGlobalSection
EndGlobal
